{
  "requires": true,
  "lockfileVersion": 1,
  "dependencies": {
    "@angular/cdk": {
      "version": "9.2.2",
      "resolved": "https://registry.npmjs.org/@angular/cdk/-/cdk-9.2.2.tgz",
      "integrity": "sha512-VNd+KuMN6cBcy4/8OyMxqYaxdjPP6IyCqIVijB2JREkc5Sg4VWmPgx2L3rHt/DzjsVBVRgx35uqOMymDezG3jQ==",
      "requires": {
        "parse5": "^5.0.0"
      }
    },
    "@angular/flex-layout": {
      "version": "9.0.0-beta.29",
      "resolved": "https://registry.npmjs.org/@angular/flex-layout/-/flex-layout-9.0.0-beta.29.tgz",
      "integrity": "sha512-93sxR+kYfYMOdnlWL0Q77FZ428gg8XnBu0YZm6GsCdkw/vLggIT/G1ZAqHlCPIODt6pxmCJ5KXh4ShvniIYDsA=="
    },
    "@clr/ui": {
      "version": "3.1.1",
      "resolved": "https://registry.npmjs.org/@clr/ui/-/ui-3.1.1.tgz",
      "integrity": "sha512-/qk7CyEsCx6/UFcpNQi6Jidf1HB+fJqSJHkf3zzelypiahO34JDi+bjZNI65oOSF04DuUYVmtHK4BrOOB508Ww=="
    },
    "parse5": {
      "version": "5.1.1",
      "resolved": "https://registry.npmjs.org/parse5/-/parse5-5.1.1.tgz",
      "integrity": "sha512-ugq4DFI0Ptb+WWjAdOK16+u/nHfiIrcE+sh8kZMaM0WllQKLI9rOUq6c2b7cwPkXdzfQESqvoqK6ug7U/Yyzug==",
      "optional": true
    }
  }
}
